schema: '2.0'
stages:
  data_ingestion:
    cmd: python -m src.components.data_ingestion
    deps:
    - path: src/components/data_ingestion.py
      hash: md5
      md5: ce2ab5181af5babf7918fcfc66a8bef5
      size: 10881
    - path: src/entity/artifact_entity.py
      hash: md5
      md5: 15d673f931116cf8e7f5869a632e6626
      size: 1206
    - path: src/entity/config_entity.py
      hash: md5
      md5: 33fcf1f075aba0dd266f87e3ec44c949
      size: 5228
    params:
      params.yaml:
        data_ingestion.postgres:
          table: emails
          query: SELECT * FROM emails
        data_ingestion.s3:
          bucket_name: email-bucket-mlops
          file_key: spam_assassin.csv
        data_ingestion.source: both
        data_ingestion.test_size: 0.2
    outs:
    - path: artifact/data_ingestion
      hash: md5
      md5: c86e0b20929baf7f078177e18bb9cb26.dir
      size: 44739454
      nfiles: 3
  data_validation:
    cmd: python -m src.components.data_validation
    deps:
    - path: artifact/data_ingestion
      hash: md5
      md5: c86e0b20929baf7f078177e18bb9cb26.dir
      size: 44739454
      nfiles: 3
    - path: config/schema.yaml
      hash: md5
      md5: 95f82caca6de76d0c217f161b1922468
      size: 1266
    - path: src/components/data_validation.py
      hash: md5
      md5: 454b90b67db54d5172b8c59dd88d0880
      size: 7822
    params:
      params.yaml:
        data_ingestion.source: both
    outs:
    - path: artifact/data_validation
      hash: md5
      md5: 68ef317897c155291e3ace4fd5441f27.dir
      size: 52
      nfiles: 1
  data_transformation:
    cmd: python -m src.components.data_transformation
    deps:
    - path: artifact/data_ingestion
      hash: md5
      md5: c86e0b20929baf7f078177e18bb9cb26.dir
      size: 44739454
      nfiles: 3
    - path: artifact/data_validation
      hash: md5
      md5: 68ef317897c155291e3ace4fd5441f27.dir
      size: 52
      nfiles: 1
    - path: src/components/data_transformation.py
      hash: md5
      md5: 4f3b2a970545d6289c9df0de4fdea6ea
      size: 23905
    params:
      params.yaml:
        data_transformation.hand_crafted_features:
        - caps_ratio
        - exclamation_count
        - url_count
        - dollar_count
        - html_flag
        - word_count
        - avg_word_length
        - digit_ratio
        - unique_word_ratio
        data_transformation.tfidf:
          max_features: 30000
          ngram_range:
          - 1
          - 2
          sublinear_tf: true
          analyzer: word
          stop_words: english
          min_df: 3
          max_df: 0.9
          strip_accents: unicode
        data_transformation.vectorizer: TF-IDF
    outs:
    - path: artifact/data_transformation/transformed/test.npy
      hash: md5
      md5: 9ae519d507402982de52d0dd5fa6290d
      size: 255950992
    - path: artifact/data_transformation/transformed/train.npy
      hash: md5
      md5: 6575a24a6554631b3762ca3f38b79cbe
      size: 995951520
    - path: artifact/data_transformation/transformed_object/preprocessing.pkl
      hash: md5
      md5: 82b6d88b395e65c3fa55502f397b47f4
      size: 1220061
  model_trainer:
    cmd: python -m src.components.model_trainer
    deps:
    - path: artifact/data_transformation/transformed/test.npy
      hash: md5
      md5: 9ae519d507402982de52d0dd5fa6290d
      size: 255950992
    - path: artifact/data_transformation/transformed/train.npy
      hash: md5
      md5: 6575a24a6554631b3762ca3f38b79cbe
      size: 995951520
    - path: src/components/model_trainer.py
      hash: md5
      md5: b89cc8da9df18d2381c6638ce44c54b3
      size: 6257
    params:
      params.yaml:
        model_trainer.cross_validation.n_splits: 5
        model_trainer.cross_validation.random_state: 42
        model_trainer.cross_validation.shuffle: true
        model_trainer.naive_bayes.alpha: 0.1
        model_trainer.naive_bayes.fit_prior: true
        model_trainer.random_state: 42
    outs:
    - path: artifact/model_trainer/trained_model/model.pkl
      hash: md5
      md5: 9e06b92c0fded1b1656bc2938ddf8b33
      size: 960966
  model_evaluation:
    cmd: python src/components/model_evaluation.py
    deps:
    - path: artifact/data_transformation/transformed/test.npy
      hash: md5
      md5: 9ae519d507402982de52d0dd5fa6290d
      size: 255950992
    - path: artifact/model_trainer/trained_model/model.pkl
      hash: md5
      md5: 9e06b92c0fded1b1656bc2938ddf8b33
      size: 960966
    - path: src/components/model_evaluation.py
      hash: md5
      md5: 50649613a1d59b784e752bf0efb9f8d2
      size: 10476
    params:
      params.yaml:
        model_evaluation.experiment_name: Spam-Detection-NaiveBayes-v1
        model_evaluation.model_name: Deep-Shield-Spam-Detector
    outs:
    - path: reports/experiment_info.json
      hash: md5
      md5: 204ecebced15bd810b21c9da9ede592c
      size: 209
    - path: reports/metrics.json
      hash: md5
      md5: aabffffead81c312094e7bb1e2970641
      size: 110
  model_pusher:
    cmd: python src/components/model_pusher.py
    deps:
    - path: artifact/model_trainer/trained_model/model.pkl
      hash: md5
      md5: 9e06b92c0fded1b1656bc2938ddf8b33
      size: 960966
    - path: reports/experiment_info.json
      hash: md5
      md5: 204ecebced15bd810b21c9da9ede592c
      size: 209
    - path: src/components/model_pusher.py
      hash: md5
      md5: afbf69df927f583dcd04c3f0c33bb105
      size: 5280
    params:
      params.yaml:
        model_evaluation.model_name: Deep-Shield-Spam-Detector
        model_pusher.alias: staging
