schema: '2.0'
stages:
  data_ingestion:
    cmd: python -m src.components.data_ingestion
    deps:
    - path: src/components/data_ingestion.py
      hash: md5
      md5: ce2ab5181af5babf7918fcfc66a8bef5
      size: 10881
    - path: src/entity/artifact_entity.py
      hash: md5
      md5: 15d673f931116cf8e7f5869a632e6626
      size: 1206
    - path: src/entity/config_entity.py
      hash: md5
      md5: 33fcf1f075aba0dd266f87e3ec44c949
      size: 5228
    params:
      params.yaml:
        data_ingestion.postgres:
          table: emails
          query: SELECT * FROM emails
        data_ingestion.s3:
          bucket_name: email-bucket-mlops
          file_key: spam_assassin.csv
        data_ingestion.source: both
        data_ingestion.test_size: 0.2
    outs:
    - path: artifact/data_ingestion
      hash: md5
      md5: c86e0b20929baf7f078177e18bb9cb26.dir
      size: 44739454
      nfiles: 3
  data_validation:
    cmd: python -m src.components.data_validation
    deps:
    - path: artifact/data_ingestion
      hash: md5
      md5: c86e0b20929baf7f078177e18bb9cb26.dir
      size: 44739454
      nfiles: 3
    - path: config/schema.yaml
      hash: md5
      md5: 95f82caca6de76d0c217f161b1922468
      size: 1266
    - path: src/components/data_validation.py
      hash: md5
      md5: 454b90b67db54d5172b8c59dd88d0880
      size: 7822
    params:
      params.yaml:
        data_ingestion.source: both
    outs:
    - path: artifact/data_validation
      hash: md5
      md5: 68ef317897c155291e3ace4fd5441f27.dir
      size: 52
      nfiles: 1
  data_transformation:
    cmd: python -m src.components.data_transformation
    deps:
    - path: artifact/data_ingestion
      hash: md5
      md5: c86e0b20929baf7f078177e18bb9cb26.dir
      size: 44739454
      nfiles: 3
    - path: artifact/data_validation
      hash: md5
      md5: 68ef317897c155291e3ace4fd5441f27.dir
      size: 52
      nfiles: 1
    - path: src/components/data_transformation.py
      hash: md5
      md5: b326e99fd9ac700693bda30430dfdb12
      size: 21833
    params:
      params.yaml:
        data_transformation.hand_crafted_features:
        - caps_ratio
        - exclamation_count
        - url_count
        - dollar_count
        - html_flag
        - word_count
        - avg_word_length
        - digit_ratio
        - unique_word_ratio
        data_transformation.tfidf:
          max_features: 30000
          ngram_range:
          - 1
          - 2
          sublinear_tf: true
          analyzer: word
          stop_words: english
          min_df: 3
          max_df: 0.9
          strip_accents: unicode
        data_transformation.vectorizer: TF-IDF
    outs:
    - path: artifact/data_transformation/transformed/test.npy
      hash: md5
      md5: 9ae519d507402982de52d0dd5fa6290d
      size: 255950992
    - path: artifact/data_transformation/transformed/train.npy
      hash: md5
      md5: 6575a24a6554631b3762ca3f38b79cbe
      size: 995951520
    - path: artifact/data_transformation/transformed_object/preprocessing.pkl
      hash: md5
      md5: 7e78a8b1c27d033c580bc740df22d0b8
      size: 1215945
  model_trainer:
    cmd: python -m src.components.model_trainer
    deps:
    - path: artifact/data_transformation/transformed/test.npy
      hash: md5
      md5: 9ae519d507402982de52d0dd5fa6290d
      size: 255950992
    - path: artifact/data_transformation/transformed/train.npy
      hash: md5
      md5: 6575a24a6554631b3762ca3f38b79cbe
      size: 995951520
    - path: src/components/model_trainer.py
      hash: md5
      md5: 3033556ba37a482da9ae70fc562d17f0
      size: 12104
    params:
      params.yaml:
        model_trainer.cross_validation.n_splits: 5
        model_trainer.cross_validation.random_state: 42
        model_trainer.cross_validation.shuffle: true
        model_trainer.naive_bayes.alpha: 0.1
        model_trainer.naive_bayes.fit_prior: true
        model_trainer.random_state: 42
    outs:
    - path: artifact/model_trainer/trained_model/model.pkl
      hash: md5
      md5: c9ec465085d84c2b4c7a945a03bc1eeb
      size: 960967
  model_evaluation:
    cmd: python src/components/model_evaluation.py
    deps:
    - path: artifact/data_transformation/transformed/test.npy
      hash: md5
      md5: 9ae519d507402982de52d0dd5fa6290d
      size: 255950992
    - path: artifact/model_trainer/trained_model/model.pkl
      hash: md5
      md5: c9ec465085d84c2b4c7a945a03bc1eeb
      size: 960967
    - path: src/components/model_evaluation.py
      hash: md5
      md5: 9025e60b8d6aa7622d7207fbc8b7af2f
      size: 10989
    params:
      params.yaml:
        model_evaluation.experiment_name: Spam-Detection-NaiveBayes-v1
        model_evaluation.model_name: Deep-Shield-Spam-Detector
    outs:
    - path: reports/experiment_info.json
      hash: md5
      md5: 22ab9155685f8d75f42d3368c68608c9
      size: 209
    - path: reports/metrics.json
      hash: md5
      md5: aabffffead81c312094e7bb1e2970641
      size: 110
  model_pusher:
    cmd: python src/components/model_pusher.py
    deps:
    - path: artifact/model_trainer/trained_model/model.pkl
      hash: md5
      md5: c9ec465085d84c2b4c7a945a03bc1eeb
      size: 960967
    - path: reports/experiment_info.json
      hash: md5
      md5: 22ab9155685f8d75f42d3368c68608c9
      size: 209
    - path: src/components/model_pusher.py
      hash: md5
      md5: 719d924d7008365d831c171b89c12c0a
      size: 4137
    params:
      params.yaml:
        model_evaluation.model_name: Deep-Shield-Spam-Detector
        model_pusher.alias: staging
